# Runtime classpath lock file
# Generated by Gradle dependency locking
#
# This file locks the resolved versions of runtime dependencies
# to ensure consistent builds across all environments.
#
# To update: ./gradlew dependencies --write-locks
#
# Placeholder file - will be populated when build system is functional